{
  "name": "Dev.HMZ_Document-Generator-1",
  "lockfileVersion": 2,
  "requires": true,
  "packages": {
    "": {
      "dependencies": {
        "popups": "^1.1.3"
      }
    },
    "node_modules/popups": {
      "version": "1.1.3",
      "resolved": "https://registry.npmjs.org/popups/-/popups-1.1.3.tgz",
      "integrity": "sha1-a8zpTf/ZW2GaAToFpcCUCRFRDak="
    }
  },
  "dependencies": {
    "popups": {
      "version": "1.1.3",
      "resolved": "https://registry.npmjs.org/popups/-/popups-1.1.3.tgz",
      "integrity": "sha1-a8zpTf/ZW2GaAToFpcCUCRFRDak="
    }
  }
}
